
Microsoft Visual Studio Solution File, Format Version 12.00
# Visual Studio Version 17
VisualStudioVersion = 17.14.36414.22 d17.14
MinimumVisualStudioVersion = 10.0.40219.1
Project("{FAE04EC0-301F-11D3-BF4B-00C04F79EFBC}") = "DotnetSecurity", "DotnetSecurity\DotnetSecurity.csproj", "{D529C54F-3D8B-4A95-B8E3-157FEA177B2B}"
EndProject
Global
	GlobalSection(SolutionConfigurationPlatforms) = preSolution
		Debug|Any CPU = Debug|Any CPU
		Release|Any CPU = Release|Any CPU
	EndGlobalSection
	GlobalSection(ProjectConfigurationPlatforms) = postSolution
		{D529C54F-3D8B-4A95-B8E3-157FEA177B2B}.Debug|Any CPU.ActiveCfg = Debug|Any CPU
		{D529C54F-3D8B-4A95-B8E3-157FEA177B2B}.Debug|Any CPU.Build.0 = Debug|Any CPU
		{D529C54F-3D8B-4A95-B8E3-157FEA177B2B}.Release|Any CPU.ActiveCfg = Release|Any CPU
		{D529C54F-3D8B-4A95-B8E3-157FEA177B2B}.Release|Any CPU.Build.0 = Release|Any CPU
	EndGlobalSection
	GlobalSection(SolutionProperties) = preSolution
		HideSolutionNode = FALSE
	EndGlobalSection
	GlobalSection(ExtensibilityGlobals) = postSolution
		SolutionGuid = {E8D99EF8-28A5-49C2-B901-BA6B6A6A5D7C}
	EndGlobalSection
EndGlobal
