{
  "name": "MovieReviewAPI",
  "lockfileVersion": 3,
  "requires": true,
  "packages": {
    "": {
      "dependencies": {
        "vue-multiselect": "^3.4.0"
      }
    },
    "node_modules/vue-multiselect": {
      "version": "3.4.0",
      "resolved": "https://registry.npmjs.org/vue-multiselect/-/vue-multiselect-3.4.0.tgz",
      "integrity": "sha512-NtaL1/VOsGsvM+H0EZswy1E+RcA5yeCpCxrhT28CBwKu9D1WbMSXBfIDNDw0v+T4enVRfOD5X7u2gyIJWCFX9w==",
      "license": "MIT",
      "engines": {
        "node": ">= 14.18.1",
        "npm": ">= 6.14.15"
      }
    }
  }
}
