
Microsoft Visual Studio Solution File, Format Version 12.00
# Visual Studio Version 17
VisualStudioVersion = 17.14.36414.22 d17.14
MinimumVisualStudioVersion = 10.0.40219.1
Project("{FAE04EC0-301F-11D3-BF4B-00C04F79EFBC}") = "Resturants.API", "Resturants.API\Resturants.API.csproj", "{4540CD83-AA56-4A4B-85EF-A3E158536A57}"
EndProject
Project("{FAE04EC0-301F-11D3-BF4B-00C04F79EFBC}") = "Restaurants.Infrastructure", "Resturants.Infrastructure\Restaurants.Infrastructure.csproj", "{533E5DA1-8E06-4F31-9C58-4FFDFC44040C}"
EndProject
Project("{FAE04EC0-301F-11D3-BF4B-00C04F79EFBC}") = "Restaurant.Domain", "Restaurant.Domain\Restaurant.Domain.csproj", "{90153523-4B83-402F-8000-AA5B4C018DD4}"
EndProject
Project("{FAE04EC0-301F-11D3-BF4B-00C04F79EFBC}") = "Restaurants.Application", "Restaurants.Application\Restaurants.Application.csproj", "{03247DF6-F4E0-47AC-8760-0E999F54C8C9}"
EndProject
Global
	GlobalSection(SolutionConfigurationPlatforms) = preSolution
		Debug|Any CPU = Debug|Any CPU
		Release|Any CPU = Release|Any CPU
	EndGlobalSection
	GlobalSection(ProjectConfigurationPlatforms) = postSolution
		{4540CD83-AA56-4A4B-85EF-A3E158536A57}.Debug|Any CPU.ActiveCfg = Debug|Any CPU
		{4540CD83-AA56-4A4B-85EF-A3E158536A57}.Debug|Any CPU.Build.0 = Debug|Any CPU
		{4540CD83-AA56-4A4B-85EF-A3E158536A57}.Release|Any CPU.ActiveCfg = Release|Any CPU
		{4540CD83-AA56-4A4B-85EF-A3E158536A57}.Release|Any CPU.Build.0 = Release|Any CPU
		{533E5DA1-8E06-4F31-9C58-4FFDFC44040C}.Debug|Any CPU.ActiveCfg = Debug|Any CPU
		{533E5DA1-8E06-4F31-9C58-4FFDFC44040C}.Debug|Any CPU.Build.0 = Debug|Any CPU
		{533E5DA1-8E06-4F31-9C58-4FFDFC44040C}.Release|Any CPU.ActiveCfg = Release|Any CPU
		{533E5DA1-8E06-4F31-9C58-4FFDFC44040C}.Release|Any CPU.Build.0 = Release|Any CPU
		{90153523-4B83-402F-8000-AA5B4C018DD4}.Debug|Any CPU.ActiveCfg = Debug|Any CPU
		{90153523-4B83-402F-8000-AA5B4C018DD4}.Debug|Any CPU.Build.0 = Debug|Any CPU
		{90153523-4B83-402F-8000-AA5B4C018DD4}.Release|Any CPU.ActiveCfg = Release|Any CPU
		{90153523-4B83-402F-8000-AA5B4C018DD4}.Release|Any CPU.Build.0 = Release|Any CPU
		{03247DF6-F4E0-47AC-8760-0E999F54C8C9}.Debug|Any CPU.ActiveCfg = Debug|Any CPU
		{03247DF6-F4E0-47AC-8760-0E999F54C8C9}.Debug|Any CPU.Build.0 = Debug|Any CPU
		{03247DF6-F4E0-47AC-8760-0E999F54C8C9}.Release|Any CPU.ActiveCfg = Release|Any CPU
		{03247DF6-F4E0-47AC-8760-0E999F54C8C9}.Release|Any CPU.Build.0 = Release|Any CPU
	EndGlobalSection
	GlobalSection(SolutionProperties) = preSolution
		HideSolutionNode = FALSE
	EndGlobalSection
	GlobalSection(ExtensibilityGlobals) = postSolution
		SolutionGuid = {78BE986F-A6DA-4F84-895C-2758B411C7D6}
	EndGlobalSection
EndGlobal
