
Microsoft Visual Studio Solution File, Format Version 12.00
# Visual Studio Version 17
VisualStudioVersion = 17.0.31903.59
MinimumVisualStudioVersion = 10.0.40219.1
Project("{FAE04EC0-301F-11D3-BF4B-00C04F79EFBC}") = "Resturants.API", "Restaurants.API\Resturants.API.csproj", "{5E16A484-E79D-4A45-D725-D49835DBD25D}"
EndProject
Project("{FAE04EC0-301F-11D3-BF4B-00C04F79EFBC}") = "Restaurants.Application", "Restaurants.Application\Restaurants.Application.csproj", "{3C034EE8-39A0-1ED5-BA1A-E7E325F97464}"
EndProject
Project("{FAE04EC0-301F-11D3-BF4B-00C04F79EFBC}") = "Restaurant.Domain", "Restaurants.Domain\Restaurant.Domain.csproj", "{C3893D4D-40AD-CAB6-1135-672DB7D25076}"
EndProject
Project("{FAE04EC0-301F-11D3-BF4B-00C04F79EFBC}") = "Restaurants.Infrastructure", "Restaurants.Infrastructure\Restaurants.Infrastructure.csproj", "{A6386162-748F-B9AC-BA73-49E8E9DA8108}"
EndProject
Global
	GlobalSection(SolutionConfigurationPlatforms) = preSolution
		Debug|Any CPU = Debug|Any CPU
		Release|Any CPU = Release|Any CPU
	EndGlobalSection
	GlobalSection(ProjectConfigurationPlatforms) = postSolution
		{5E16A484-E79D-4A45-D725-D49835DBD25D}.Debug|Any CPU.ActiveCfg = Debug|Any CPU
		{5E16A484-E79D-4A45-D725-D49835DBD25D}.Debug|Any CPU.Build.0 = Debug|Any CPU
		{5E16A484-E79D-4A45-D725-D49835DBD25D}.Release|Any CPU.ActiveCfg = Release|Any CPU
		{5E16A484-E79D-4A45-D725-D49835DBD25D}.Release|Any CPU.Build.0 = Release|Any CPU
		{3C034EE8-39A0-1ED5-BA1A-E7E325F97464}.Debug|Any CPU.ActiveCfg = Debug|Any CPU
		{3C034EE8-39A0-1ED5-BA1A-E7E325F97464}.Debug|Any CPU.Build.0 = Debug|Any CPU
		{3C034EE8-39A0-1ED5-BA1A-E7E325F97464}.Release|Any CPU.ActiveCfg = Release|Any CPU
		{3C034EE8-39A0-1ED5-BA1A-E7E325F97464}.Release|Any CPU.Build.0 = Release|Any CPU
		{C3893D4D-40AD-CAB6-1135-672DB7D25076}.Debug|Any CPU.ActiveCfg = Debug|Any CPU
		{C3893D4D-40AD-CAB6-1135-672DB7D25076}.Debug|Any CPU.Build.0 = Debug|Any CPU
		{C3893D4D-40AD-CAB6-1135-672DB7D25076}.Release|Any CPU.ActiveCfg = Release|Any CPU
		{C3893D4D-40AD-CAB6-1135-672DB7D25076}.Release|Any CPU.Build.0 = Release|Any CPU
		{A6386162-748F-B9AC-BA73-49E8E9DA8108}.Debug|Any CPU.ActiveCfg = Debug|Any CPU
		{A6386162-748F-B9AC-BA73-49E8E9DA8108}.Debug|Any CPU.Build.0 = Debug|Any CPU
		{A6386162-748F-B9AC-BA73-49E8E9DA8108}.Release|Any CPU.ActiveCfg = Release|Any CPU
		{A6386162-748F-B9AC-BA73-49E8E9DA8108}.Release|Any CPU.Build.0 = Release|Any CPU
	EndGlobalSection
	GlobalSection(SolutionProperties) = preSolution
		HideSolutionNode = FALSE
	EndGlobalSection
EndGlobal
